
Microsoft Visual Studio Solution File, Format Version 12.00
# Visual Studio Version 16
VisualStudioVersion = 16.0.31112.23
MinimumVisualStudioVersion = 10.0.40219.1
Project("{FAE04EC0-301F-11D3-BF4B-00C04F79EFBC}") = "LaunchpadCodeChallenge.API", "LaunchpadCodeChallenge.API\LaunchpadCodeChallenge.API.csproj", "{718A9F66-60B4-44EE-87D7-C69842976F24}"
EndProject
Global
	GlobalSection(SolutionConfigurationPlatforms) = preSolution
		Debug|Any CPU = Debug|Any CPU
		Release|Any CPU = Release|Any CPU
	EndGlobalSection
	GlobalSection(ProjectConfigurationPlatforms) = postSolution
		{718A9F66-60B4-44EE-87D7-C69842976F24}.Debug|Any CPU.ActiveCfg = Debug|Any CPU
		{718A9F66-60B4-44EE-87D7-C69842976F24}.Debug|Any CPU.Build.0 = Debug|Any CPU
		{718A9F66-60B4-44EE-87D7-C69842976F24}.Release|Any CPU.ActiveCfg = Release|Any CPU
		{718A9F66-60B4-44EE-87D7-C69842976F24}.Release|Any CPU.Build.0 = Release|Any CPU
	EndGlobalSection
	GlobalSection(SolutionProperties) = preSolution
		HideSolutionNode = FALSE
	EndGlobalSection
	GlobalSection(ExtensibilityGlobals) = postSolution
		SolutionGuid = {CD71FA66-012E-4CBA-84B5-1CCA7F5C8338}
	EndGlobalSection
EndGlobal
